
Microsoft Visual Studio Solution File, Format Version 12.00
# Visual Studio Version 17
VisualStudioVersion = 17.8.34330.188
MinimumVisualStudioVersion = 10.0.40219.1
Project("{FAE04EC0-301F-11D3-BF4B-00C04F79EFBC}") = "ConAppInterface", "ConAppInterface\ConAppInterface.csproj", "{AED56F58-D8BA-4B16-8E55-58CF6B5DF5DA}"
EndProject
Global
	GlobalSection(SolutionConfigurationPlatforms) = preSolution
		Debug|Any CPU = Debug|Any CPU
		Release|Any CPU = Release|Any CPU
	EndGlobalSection
	GlobalSection(ProjectConfigurationPlatforms) = postSolution
		{AED56F58-D8BA-4B16-8E55-58CF6B5DF5DA}.Debug|Any CPU.ActiveCfg = Debug|Any CPU
		{AED56F58-D8BA-4B16-8E55-58CF6B5DF5DA}.Debug|Any CPU.Build.0 = Debug|Any CPU
		{AED56F58-D8BA-4B16-8E55-58CF6B5DF5DA}.Release|Any CPU.ActiveCfg = Release|Any CPU
		{AED56F58-D8BA-4B16-8E55-58CF6B5DF5DA}.Release|Any CPU.Build.0 = Release|Any CPU
	EndGlobalSection
	GlobalSection(SolutionProperties) = preSolution
		HideSolutionNode = FALSE
	EndGlobalSection
	GlobalSection(ExtensibilityGlobals) = postSolution
		SolutionGuid = {400FEECC-A282-4AB7-8102-B3C357C33B66}
	EndGlobalSection
EndGlobal
